// !$*UTF8*$!
{
	archiveVersion = 1;
	classes = {
	};
	objectVersion = 47;
	objects = {

/* Begin PBXBuildFile section */
		AF2E0E9D18734C040016E767 /* TestableKMAConnection.m in Sources */ = {isa = PBXBuildFile; fileRef = AF2E0E9C18734C040016E767 /* TestableKMAConnection.m */; };
		AF3103AA18610A700030713B /* KMAConnection.m in Sources */ = {isa = PBXBuildFile; fileRef = AFCC8DD817FC9179003691FA /* KMAConnection.m */; };
		AF3103B018610D110030713B /* KMATrackingOperations_TrackingState.m in Sources */ = {isa = PBXBuildFile; fileRef = AF3103AC18610AA10030713B /* KMATrackingOperations_TrackingState.m */; };
		AF340550185A702500F560B9 /* KMAVerification.m in Sources */ = {isa = PBXBuildFile; fileRef = AF34054F185A702500F560B9 /* KMAVerification.m */; };
		AF52BF2B1860DAB100989978 /* KMATrackingOperations_NonTrackingState.m in Sources */ = {isa = PBXBuildFile; fileRef = AF52BF271860DAB100989978 /* KMATrackingOperations_NonTrackingState.m */; };
		AF65F4721857B6570075949D /* KMAQueryEncoder.m in Sources */ = {isa = PBXBuildFile; fileRef = AF65F4711857B6570075949D /* KMAQueryEncoder.m */; };
		AF65F4731857B6570075949D /* KMAQueryEncoder.m in Sources */ = {isa = PBXBuildFile; fileRef = AF65F4711857B6570075949D /* KMAQueryEncoder.m */; };
		AF89B96C17F9E08500B7E21E /* Foundation.framework in Frameworks */ = {isa = PBXBuildFile; fileRef = AF89B96B17F9E08500B7E21E /* Foundation.framework */; };
		AF89B96E17F9E08500B7E21E /* CoreGraphics.framework in Frameworks */ = {isa = PBXBuildFile; fileRef = AF89B96D17F9E08500B7E21E /* CoreGraphics.framework */; };
		AF89B97017F9E08500B7E21E /* UIKit.framework in Frameworks */ = {isa = PBXBuildFile; fileRef = AF89B96F17F9E08500B7E21E /* UIKit.framework */; };
		AF89B97617F9E08500B7E21E /* InfoPlist.strings in Resources */ = {isa = PBXBuildFile; fileRef = AF89B97417F9E08500B7E21E /* InfoPlist.strings */; };
		AF89B97817F9E08500B7E21E /* main.m in Sources */ = {isa = PBXBuildFile; fileRef = AF89B97717F9E08500B7E21E /* main.m */; };
		AF89B97C17F9E08500B7E21E /* AppDelegate.m in Sources */ = {isa = PBXBuildFile; fileRef = AF89B97B17F9E08500B7E21E /* AppDelegate.m */; };
		AF89B98517F9E08500B7E21E /* ViewController.m in Sources */ = {isa = PBXBuildFile; fileRef = AF89B98417F9E08500B7E21E /* ViewController.m */; };
		AF89B98717F9E08500B7E21E /* Images.xcassets in Resources */ = {isa = PBXBuildFile; fileRef = AF89B98617F9E08500B7E21E /* Images.xcassets */; };
		AF89B98F17F9E08500B7E21E /* Foundation.framework in Frameworks */ = {isa = PBXBuildFile; fileRef = AF89B96B17F9E08500B7E21E /* Foundation.framework */; };
		AF89B99017F9E08500B7E21E /* UIKit.framework in Frameworks */ = {isa = PBXBuildFile; fileRef = AF89B96F17F9E08500B7E21E /* UIKit.framework */; };
		AF89B99817F9E08500B7E21E /* InfoPlist.strings in Resources */ = {isa = PBXBuildFile; fileRef = AF89B99617F9E08500B7E21E /* InfoPlist.strings */; };
		AF89B99A17F9E08500B7E21E /* KISSmetricsSDK_buildFiles_arc_impTests.m in Sources */ = {isa = PBXBuildFile; fileRef = AF89B99917F9E08500B7E21E /* KISSmetricsSDK_buildFiles_arc_impTests.m */; };
		AF89BB0317F9E57800B7E21E /* NSNotificationCenter+AllObservers.m in Sources */ = {isa = PBXBuildFile; fileRef = AF89BB0017F9E57800B7E21E /* NSNotificationCenter+AllObservers.m */; };
		AF89BB0817F9E79B00B7E21E /* ViewControllerTwo.m in Sources */ = {isa = PBXBuildFile; fileRef = AF89BB0717F9E79B00B7E21E /* ViewControllerTwo.m */; };
		AF89BB0A17F9EA5A00B7E21E /* KISSmetricsAPI.m in Sources */ = {isa = PBXBuildFile; fileRef = AF89B9A717F9E40500B7E21E /* KISSmetricsAPI.m */; };
		AF89BB0B17F9EB1800B7E21E /* KMASwizzler.m in Sources */ = {isa = PBXBuildFile; fileRef = AF89B9A917F9E40500B7E21E /* KMASwizzler.m */; };
		AF89BB0C17F9EB2600B7E21E /* KMAArchiver.m in Sources */ = {isa = PBXBuildFile; fileRef = AF89B9AB17F9E40500B7E21E /* KMAArchiver.m */; };
		AF89BB0E17F9EB4500B7E21E /* UIViewController+KMAVCLifecycle.m in Sources */ = {isa = PBXBuildFile; fileRef = AF89B9AF17F9E40500B7E21E /* UIViewController+KMAVCLifecycle.m */; };
		AF8ACA01190B287D00C02B43 /* MockNSHTTPURLResponse.m in Sources */ = {isa = PBXBuildFile; fileRef = AF8AC9FE190B287D00C02B43 /* MockNSHTTPURLResponse.m */; };
		AF8ACA02190B287D00C02B43 /* MockNSHTTPURLResponse.m in Sources */ = {isa = PBXBuildFile; fileRef = AF8AC9FE190B287D00C02B43 /* MockNSHTTPURLResponse.m */; };
		AF8ACA03190B287D00C02B43 /* MockNSURLConnection.m in Sources */ = {isa = PBXBuildFile; fileRef = AF8ACA00190B287D00C02B43 /* MockNSURLConnection.m */; };
		AF8ACA04190B287D00C02B43 /* MockNSURLConnection.m in Sources */ = {isa = PBXBuildFile; fileRef = AF8ACA00190B287D00C02B43 /* MockNSURLConnection.m */; };
		AF8C79A4180DF213005EF4DD /* UIDevice+KMAHardware.m in Sources */ = {isa = PBXBuildFile; fileRef = AF8C79A3180DF213005EF4DD /* UIDevice+KMAHardware.m */; };
		AF8C79A5180DF213005EF4DD /* UIDevice+KMAHardware.m in Sources */ = {isa = PBXBuildFile; fileRef = AF8C79A3180DF213005EF4DD /* UIDevice+KMAHardware.m */; };
		AF8C79B318105770005EF4DD /* KMADeviceHardwareTests.m in Sources */ = {isa = PBXBuildFile; fileRef = AF8C79B218105770005EF4DD /* KMADeviceHardwareTests.m */; };
		AF90D6DD1868ABEA00DE1074 /* KISSmetricsAPI_options.m in Sources */ = {isa = PBXBuildFile; fileRef = AF90D6DC1868ABEA00DE1074 /* KISSmetricsAPI_options.m */; };
		AF90D6DE1868ABEA00DE1074 /* KISSmetricsAPI_options.m in Sources */ = {isa = PBXBuildFile; fileRef = AF90D6DC1868ABEA00DE1074 /* KISSmetricsAPI_options.m */; };
		AF92FD4A17F9F06600C47A73 /* XCTest.framework in Frameworks */ = {isa = PBXBuildFile; fileRef = AF92FD4917F9F06600C47A73 /* XCTest.framework */; };
		AFB99FF9188DA410004CD0AD /* Main_iPad.storyboard in Resources */ = {isa = PBXBuildFile; fileRef = AFB99FF7188DA410004CD0AD /* Main_iPad.storyboard */; };
		AFB99FFA188DA410004CD0AD /* Main_iPhone.storyboard in Resources */ = {isa = PBXBuildFile; fileRef = AFB99FF8188DA410004CD0AD /* Main_iPhone.storyboard */; };
		AFCC8DDA17FC917A003691FA /* KMAConnection.m in Sources */ = {isa = PBXBuildFile; fileRef = AFCC8DD817FC9179003691FA /* KMAConnection.m */; };
		AFDB60DD180C9350009310EA /* KMAKeychainItemWrapper.m in Sources */ = {isa = PBXBuildFile; fileRef = AFDB60DB180C9350009310EA /* KMAKeychainItemWrapper.m */; };
		AFDB60DE180C9350009310EA /* KMAKeychainItemWrapper.m in Sources */ = {isa = PBXBuildFile; fileRef = AFDB60DB180C9350009310EA /* KMAKeychainItemWrapper.m */; };
		AFDB60DF180C9350009310EA /* KMAMacros.c in Sources */ = {isa = PBXBuildFile; fileRef = AFDB60DC180C9350009310EA /* KMAMacros.c */; };
		AFDB60E0180C9350009310EA /* KMAMacros.c in Sources */ = {isa = PBXBuildFile; fileRef = AFDB60DC180C9350009310EA /* KMAMacros.c */; };
		AFE6D0761946A06A00A6E074 /* KMASenderSendingState.m in Sources */ = {isa = PBXBuildFile; fileRef = AFE6D06E1946A06A00A6E074 /* KMASenderSendingState.m */; };
		AFE6D0771946A06A00A6E074 /* KMASenderSendingState.m in Sources */ = {isa = PBXBuildFile; fileRef = AFE6D06E1946A06A00A6E074 /* KMASenderSendingState.m */; };
		AFE6D0781946A06A00A6E074 /* KMASenderReadyState.m in Sources */ = {isa = PBXBuildFile; fileRef = AFE6D0701946A06A00A6E074 /* KMASenderReadyState.m */; };
		AFE6D0791946A06A00A6E074 /* KMASenderReadyState.m in Sources */ = {isa = PBXBuildFile; fileRef = AFE6D0701946A06A00A6E074 /* KMASenderReadyState.m */; };
		AFE6D07A1946A06A00A6E074 /* KMASenderDisabledState.m in Sources */ = {isa = PBXBuildFile; fileRef = AFE6D0721946A06A00A6E074 /* KMASenderDisabledState.m */; };
		AFE6D07B1946A06A00A6E074 /* KMASenderDisabledState.m in Sources */ = {isa = PBXBuildFile; fileRef = AFE6D0721946A06A00A6E074 /* KMASenderDisabledState.m */; };
		AFE6D07C1946A06A00A6E074 /* KMASender.m in Sources */ = {isa = PBXBuildFile; fileRef = AFE6D0741946A06A00A6E074 /* KMASender.m */; };
		AFE6D07D1946A06A00A6E074 /* KMASender.m in Sources */ = {isa = PBXBuildFile; fileRef = AFE6D0741946A06A00A6E074 /* KMASender.m */; };
		AFE8242F180CF4AB00AD78AC /* KMAArchiverTests.m in Sources */ = {isa = PBXBuildFile; fileRef = AFE8242E180CF4AB00AD78AC /* KMAArchiverTests.m */; };
		AFE82431180DA6CC00AD78AC /* Security.framework in Frameworks */ = {isa = PBXBuildFile; fileRef = AFE82430180DA6CC00AD78AC /* Security.framework */; };
		CAC6FC431D1B5D690085E017 /* KMAVCLifecycleTests.m in Sources */ = {isa = PBXBuildFile; fileRef = AF92FD4D17F9F47800C47A73 /* KMAVCLifecycleTests.m */; };
		CAC6FC451D1B5FDE0085E017 /* OCHamcrestIOS.framework in Frameworks */ = {isa = PBXBuildFile; fileRef = AF9EB3CE17FB3DCA002FF023 /* OCHamcrestIOS.framework */; };
		CAC6FC461D1B5FE30085E017 /* OCMockitoIOS.framework in Frameworks */ = {isa = PBXBuildFile; fileRef = AF9EB3CC17FA39A0002FF023 /* OCMockitoIOS.framework */; };
/* End PBXBuildFile section */

/* Begin PBXContainerItemProxy section */
		AF89B99117F9E08500B7E21E /* PBXContainerItemProxy */ = {
			isa = PBXContainerItemProxy;
			containerPortal = AF89B96017F9E08500B7E21E /* Project object */;
			proxyType = 1;
			remoteGlobalIDString = AF89B96717F9E08500B7E21E;
			remoteInfo = KISSmetricsAPI_buildFiles_arc_imp;
		};
/* End PBXContainerItemProxy section */

/* Begin PBXFileReference section */
		AF2E0E9B18734C040016E767 /* TestableKMAConnection.h */ = {isa = PBXFileReference; fileEncoding = 4; lastKnownFileType = sourcecode.c.h; path = TestableKMAConnection.h; sourceTree = "<group>"; };
		AF2E0E9C18734C040016E767 /* TestableKMAConnection.m */ = {isa = PBXFileReference; fileEncoding = 4; lastKnownFileType = sourcecode.c.objc; path = TestableKMAConnection.m; sourceTree = "<group>"; };
		AF3103AB18610AA10030713B /* KMATrackingOperations_TrackingState.h */ = {isa = PBXFileReference; fileEncoding = 4; lastKnownFileType = sourcecode.c.h; path = KMATrackingOperations_TrackingState.h; sourceTree = "<group>"; };
		AF3103AC18610AA10030713B /* KMATrackingOperations_TrackingState.m */ = {isa = PBXFileReference; fileEncoding = 4; lastKnownFileType = sourcecode.c.objc; path = KMATrackingOperations_TrackingState.m; sourceTree = "<group>"; };
		AF34054E185A702500F560B9 /* KMAVerification.h */ = {isa = PBXFileReference; fileEncoding = 4; lastKnownFileType = sourcecode.c.h; path = KMAVerification.h; sourceTree = "<group>"; };
		AF34054F185A702500F560B9 /* KMAVerification.m */ = {isa = PBXFileReference; fileEncoding = 4; lastKnownFileType = sourcecode.c.objc; path = KMAVerification.m; sourceTree = "<group>"; };
		AF52BF261860DAB100989978 /* KMATrackingOperations_NonTrackingState.h */ = {isa = PBXFileReference; fileEncoding = 4; lastKnownFileType = sourcecode.c.h; path = KMATrackingOperations_NonTrackingState.h; sourceTree = "<group>"; };
		AF52BF271860DAB100989978 /* KMATrackingOperations_NonTrackingState.m */ = {isa = PBXFileReference; fileEncoding = 4; lastKnownFileType = sourcecode.c.objc; path = KMATrackingOperations_NonTrackingState.m; sourceTree = "<group>"; };
		AF52BF2A1860DAB100989978 /* KMATrackingOperations.h */ = {isa = PBXFileReference; fileEncoding = 4; lastKnownFileType = sourcecode.c.h; path = KMATrackingOperations.h; sourceTree = "<group>"; };
		AF65F4701857B6570075949D /* KMAQueryEncoder.h */ = {isa = PBXFileReference; fileEncoding = 4; lastKnownFileType = sourcecode.c.h; path = KMAQueryEncoder.h; sourceTree = "<group>"; };
		AF65F4711857B6570075949D /* KMAQueryEncoder.m */ = {isa = PBXFileReference; fileEncoding = 4; lastKnownFileType = sourcecode.c.objc; path = KMAQueryEncoder.m; sourceTree = "<group>"; };
		AF89B96817F9E08500B7E21E /* KISSmetricsSDK_buildFiles_arc_imp.app */ = {isa = PBXFileReference; explicitFileType = wrapper.application; includeInIndex = 0; path = KISSmetricsSDK_buildFiles_arc_imp.app; sourceTree = BUILT_PRODUCTS_DIR; };
		AF89B96B17F9E08500B7E21E /* Foundation.framework */ = {isa = PBXFileReference; lastKnownFileType = wrapper.framework; name = Foundation.framework; path = System/Library/Frameworks/Foundation.framework; sourceTree = SDKROOT; };
		AF89B96D17F9E08500B7E21E /* CoreGraphics.framework */ = {isa = PBXFileReference; lastKnownFileType = wrapper.framework; name = CoreGraphics.framework; path = System/Library/Frameworks/CoreGraphics.framework; sourceTree = SDKROOT; };
		AF89B96F17F9E08500B7E21E /* UIKit.framework */ = {isa = PBXFileReference; lastKnownFileType = wrapper.framework; name = UIKit.framework; path = System/Library/Frameworks/UIKit.framework; sourceTree = SDKROOT; };
		AF89B97317F9E08500B7E21E /* KISSmetricsSDK_buildFiles_arc_imp-Info.plist */ = {isa = PBXFileReference; lastKnownFileType = text.plist.xml; path = "KISSmetricsSDK_buildFiles_arc_imp-Info.plist"; sourceTree = "<group>"; };
		AF89B97517F9E08500B7E21E /* en */ = {isa = PBXFileReference; lastKnownFileType = text.plist.strings; name = en; path = en.lproj/InfoPlist.strings; sourceTree = "<group>"; };
		AF89B97717F9E08500B7E21E /* main.m */ = {isa = PBXFileReference; lastKnownFileType = sourcecode.c.objc; path = main.m; sourceTree = "<group>"; };
		AF89B97917F9E08500B7E21E /* KISSmetricsSDK_buildFiles_arc_imp-Prefix.pch */ = {isa = PBXFileReference; lastKnownFileType = sourcecode.c.h; path = "KISSmetricsSDK_buildFiles_arc_imp-Prefix.pch"; sourceTree = "<group>"; };
		AF89B97A17F9E08500B7E21E /* AppDelegate.h */ = {isa = PBXFileReference; lastKnownFileType = sourcecode.c.h; path = AppDelegate.h; sourceTree = "<group>"; };
		AF89B97B17F9E08500B7E21E /* AppDelegate.m */ = {isa = PBXFileReference; lastKnownFileType = sourcecode.c.objc; path = AppDelegate.m; sourceTree = "<group>"; };
		AF89B98317F9E08500B7E21E /* ViewController.h */ = {isa = PBXFileReference; lastKnownFileType = sourcecode.c.h; path = ViewController.h; sourceTree = "<group>"; };
		AF89B98417F9E08500B7E21E /* ViewController.m */ = {isa = PBXFileReference; lastKnownFileType = sourcecode.c.objc; path = ViewController.m; sourceTree = "<group>"; };
		AF89B98617F9E08500B7E21E /* Images.xcassets */ = {isa = PBXFileReference; lastKnownFileType = folder.assetcatalog; path = Images.xcassets; sourceTree = "<group>"; };
		AF89B98C17F9E08500B7E21E /* KISSmetricsSDK_buildFiles_arc_impTests.xctest */ = {isa = PBXFileReference; explicitFileType = wrapper.cfbundle; includeInIndex = 0; path = KISSmetricsSDK_buildFiles_arc_impTests.xctest; sourceTree = BUILT_PRODUCTS_DIR; };
		AF89B99517F9E08500B7E21E /* KISSmetricsSDK_buildFiles_arc_impTests-Info.plist */ = {isa = PBXFileReference; lastKnownFileType = text.plist.xml; path = "KISSmetricsSDK_buildFiles_arc_impTests-Info.plist"; sourceTree = "<group>"; };
		AF89B99717F9E08500B7E21E /* en */ = {isa = PBXFileReference; lastKnownFileType = text.plist.strings; name = en; path = en.lproj/InfoPlist.strings; sourceTree = "<group>"; };
		AF89B99917F9E08500B7E21E /* KISSmetricsSDK_buildFiles_arc_impTests.m */ = {isa = PBXFileReference; lastKnownFileType = sourcecode.c.objc; path = KISSmetricsSDK_buildFiles_arc_impTests.m; sourceTree = "<group>"; };
		AF89B9A517F9E40500B7E21E /* KISSmetricsAPI_options.h */ = {isa = PBXFileReference; lastKnownFileType = sourcecode.c.h; path = KISSmetricsAPI_options.h; sourceTree = "<group>"; };
		AF89B9A617F9E40500B7E21E /* KISSmetricsAPI.h */ = {isa = PBXFileReference; lastKnownFileType = sourcecode.c.h; path = KISSmetricsAPI.h; sourceTree = "<group>"; };
		AF89B9A717F9E40500B7E21E /* KISSmetricsAPI.m */ = {isa = PBXFileReference; lastKnownFileType = sourcecode.c.objc; path = KISSmetricsAPI.m; sourceTree = "<group>"; };
		AF89B9A817F9E40500B7E21E /* KMASwizzler.h */ = {isa = PBXFileReference; lastKnownFileType = sourcecode.c.h; path = KMASwizzler.h; sourceTree = "<group>"; };
		AF89B9A917F9E40500B7E21E /* KMASwizzler.m */ = {isa = PBXFileReference; lastKnownFileType = sourcecode.c.objc; path = KMASwizzler.m; sourceTree = "<group>"; };
		AF89B9AA17F9E40500B7E21E /* KMAArchiver.h */ = {isa = PBXFileReference; lastKnownFileType = sourcecode.c.h; path = KMAArchiver.h; sourceTree = "<group>"; };
		AF89B9AB17F9E40500B7E21E /* KMAArchiver.m */ = {isa = PBXFileReference; lastKnownFileType = sourcecode.c.objc; path = KMAArchiver.m; sourceTree = "<group>"; };
		AF89B9AE17F9E40500B7E21E /* UIViewController+KMAVCLifecycle.h */ = {isa = PBXFileReference; lastKnownFileType = sourcecode.c.h; path = "UIViewController+KMAVCLifecycle.h"; sourceTree = "<group>"; };
		AF89B9AF17F9E40500B7E21E /* UIViewController+KMAVCLifecycle.m */ = {isa = PBXFileReference; lastKnownFileType = sourcecode.c.objc; path = "UIViewController+KMAVCLifecycle.m"; sourceTree = "<group>"; };
		AF89BAFF17F9E57800B7E21E /* NSNotificationCenter+AllObservers.h */ = {isa = PBXFileReference; fileEncoding = 4; lastKnownFileType = sourcecode.c.h; path = "NSNotificationCenter+AllObservers.h"; sourceTree = "<group>"; };
		AF89BB0017F9E57800B7E21E /* NSNotificationCenter+AllObservers.m */ = {isa = PBXFileReference; fileEncoding = 4; lastKnownFileType = sourcecode.c.objc; path = "NSNotificationCenter+AllObservers.m"; sourceTree = "<group>"; };
		AF89BB0617F9E79B00B7E21E /* ViewControllerTwo.h */ = {isa = PBXFileReference; fileEncoding = 4; lastKnownFileType = sourcecode.c.h; path = ViewControllerTwo.h; sourceTree = "<group>"; };
		AF89BB0717F9E79B00B7E21E /* ViewControllerTwo.m */ = {isa = PBXFileReference; fileEncoding = 4; lastKnownFileType = sourcecode.c.objc; path = ViewControllerTwo.m; sourceTree = "<group>"; };
		AF8AC9FD190B287D00C02B43 /* MockNSHTTPURLResponse.h */ = {isa = PBXFileReference; fileEncoding = 4; lastKnownFileType = sourcecode.c.h; path = MockNSHTTPURLResponse.h; sourceTree = "<group>"; };
		AF8AC9FE190B287D00C02B43 /* MockNSHTTPURLResponse.m */ = {isa = PBXFileReference; fileEncoding = 4; lastKnownFileType = sourcecode.c.objc; path = MockNSHTTPURLResponse.m; sourceTree = "<group>"; };
		AF8AC9FF190B287D00C02B43 /* MockNSURLConnection.h */ = {isa = PBXFileReference; fileEncoding = 4; lastKnownFileType = sourcecode.c.h; path = MockNSURLConnection.h; sourceTree = "<group>"; };
		AF8ACA00190B287D00C02B43 /* MockNSURLConnection.m */ = {isa = PBXFileReference; fileEncoding = 4; lastKnownFileType = sourcecode.c.objc; path = MockNSURLConnection.m; sourceTree = "<group>"; };
		AF8C79A2180DF213005EF4DD /* UIDevice+KMAHardware.h */ = {isa = PBXFileReference; fileEncoding = 4; lastKnownFileType = sourcecode.c.h; path = "UIDevice+KMAHardware.h"; sourceTree = "<group>"; };
		AF8C79A3180DF213005EF4DD /* UIDevice+KMAHardware.m */ = {isa = PBXFileReference; fileEncoding = 4; lastKnownFileType = sourcecode.c.objc; path = "UIDevice+KMAHardware.m"; sourceTree = "<group>"; };
		AF8C79B218105770005EF4DD /* KMADeviceHardwareTests.m */ = {isa = PBXFileReference; fileEncoding = 4; lastKnownFileType = sourcecode.c.objc; path = KMADeviceHardwareTests.m; sourceTree = "<group>"; };
		AF90D6DC1868ABEA00DE1074 /* KISSmetricsAPI_options.m */ = {isa = PBXFileReference; fileEncoding = 4; lastKnownFileType = sourcecode.c.objc; path = KISSmetricsAPI_options.m; sourceTree = "<group>"; };
		AF92FD4917F9F06600C47A73 /* XCTest.framework */ = {isa = PBXFileReference; lastKnownFileType = wrapper.framework; name = XCTest.framework; path = Platforms/MacOSX.platform/Developer/Library/Frameworks/XCTest.framework; sourceTree = DEVELOPER_DIR; };
		AF92FD4D17F9F47800C47A73 /* KMAVCLifecycleTests.m */ = {isa = PBXFileReference; fileEncoding = 4; lastKnownFileType = sourcecode.c.objc; path = KMAVCLifecycleTests.m; sourceTree = "<group>"; };
		AF9EB3CC17FA39A0002FF023 /* OCMockitoIOS.framework */ = {isa = PBXFileReference; lastKnownFileType = wrapper.framework; name = OCMockitoIOS.framework; path = ../TestFrameworks/OCMockitoIOS.framework; sourceTree = "<group>"; };
		AF9EB3CE17FB3DCA002FF023 /* OCHamcrestIOS.framework */ = {isa = PBXFileReference; lastKnownFileType = wrapper.framework; name = OCHamcrestIOS.framework; path = ../TestFrameworks/OCHamcrestIOS.framework; sourceTree = "<group>"; };
		AFA6487E1860D2EC006F48E7 /* KMAVerificationDelegateProtocol.h */ = {isa = PBXFileReference; fileEncoding = 4; lastKnownFileType = sourcecode.c.h; path = KMAVerificationDelegateProtocol.h; sourceTree = "<group>"; };
		AFA648811860D356006F48E7 /* KMAConnectionDelegateProtocol.h */ = {isa = PBXFileReference; fileEncoding = 4; lastKnownFileType = sourcecode.c.h; path = KMAConnectionDelegateProtocol.h; sourceTree = "<group>"; };
		AFB99FF7188DA410004CD0AD /* Main_iPad.storyboard */ = {isa = PBXFileReference; fileEncoding = 4; lastKnownFileType = file.storyboard; path = Main_iPad.storyboard; sourceTree = "<group>"; };
		AFB99FF8188DA410004CD0AD /* Main_iPhone.storyboard */ = {isa = PBXFileReference; fileEncoding = 4; lastKnownFileType = file.storyboard; path = Main_iPhone.storyboard; sourceTree = "<group>"; };
		AFCC8DD717FC9179003691FA /* KMAConnection.h */ = {isa = PBXFileReference; fileEncoding = 4; lastKnownFileType = sourcecode.c.h; path = KMAConnection.h; sourceTree = "<group>"; };
		AFCC8DD817FC9179003691FA /* KMAConnection.m */ = {isa = PBXFileReference; fileEncoding = 4; lastKnownFileType = sourcecode.c.objc; path = KMAConnection.m; sourceTree = "<group>"; };
		AFDB60DA180C9350009310EA /* KMAKeychainItemWrapper.h */ = {isa = PBXFileReference; fileEncoding = 4; lastKnownFileType = sourcecode.c.h; path = KMAKeychainItemWrapper.h; sourceTree = "<group>"; };
		AFDB60DB180C9350009310EA /* KMAKeychainItemWrapper.m */ = {isa = PBXFileReference; fileEncoding = 4; lastKnownFileType = sourcecode.c.objc; path = KMAKeychainItemWrapper.m; sourceTree = "<group>"; };
		AFDB60DC180C9350009310EA /* KMAMacros.c */ = {isa = PBXFileReference; fileEncoding = 4; lastKnownFileType = sourcecode.c.c; path = KMAMacros.c; sourceTree = "<group>"; };
		AFE6D06D1946A06A00A6E074 /* KMASenderStateProtocol.h */ = {isa = PBXFileReference; fileEncoding = 4; lastKnownFileType = sourcecode.c.h; path = KMASenderStateProtocol.h; sourceTree = "<group>"; };
		AFE6D06E1946A06A00A6E074 /* KMASenderSendingState.m */ = {isa = PBXFileReference; fileEncoding = 4; lastKnownFileType = sourcecode.c.objc; path = KMASenderSendingState.m; sourceTree = "<group>"; };
		AFE6D06F1946A06A00A6E074 /* KMASenderSendingState.h */ = {isa = PBXFileReference; fileEncoding = 4; lastKnownFileType = sourcecode.c.h; path = KMASenderSendingState.h; sourceTree = "<group>"; };
		AFE6D0701946A06A00A6E074 /* KMASenderReadyState.m */ = {isa = PBXFileReference; fileEncoding = 4; lastKnownFileType = sourcecode.c.objc; path = KMASenderReadyState.m; sourceTree = "<group>"; };
		AFE6D0711946A06A00A6E074 /* KMASenderReadyState.h */ = {isa = PBXFileReference; fileEncoding = 4; lastKnownFileType = sourcecode.c.h; path = KMASenderReadyState.h; sourceTree = "<group>"; };
		AFE6D0721946A06A00A6E074 /* KMASenderDisabledState.m */ = {isa = PBXFileReference; fileEncoding = 4; lastKnownFileType = sourcecode.c.objc; path = KMASenderDisabledState.m; sourceTree = "<group>"; };
		AFE6D0731946A06A00A6E074 /* KMASenderDisabledState.h */ = {isa = PBXFileReference; fileEncoding = 4; lastKnownFileType = sourcecode.c.h; path = KMASenderDisabledState.h; sourceTree = "<group>"; };
		AFE6D0741946A06A00A6E074 /* KMASender.m */ = {isa = PBXFileReference; fileEncoding = 4; lastKnownFileType = sourcecode.c.objc; path = KMASender.m; sourceTree = "<group>"; };
		AFE6D0751946A06A00A6E074 /* KMASender.h */ = {isa = PBXFileReference; fileEncoding = 4; lastKnownFileType = sourcecode.c.h; path = KMASender.h; sourceTree = "<group>"; };
		AFE8242E180CF4AB00AD78AC /* KMAArchiverTests.m */ = {isa = PBXFileReference; fileEncoding = 4; lastKnownFileType = sourcecode.c.objc; path = KMAArchiverTests.m; sourceTree = "<group>"; };
		AFE82430180DA6CC00AD78AC /* Security.framework */ = {isa = PBXFileReference; lastKnownFileType = wrapper.framework; name = Security.framework; path = System/Library/Frameworks/Security.framework; sourceTree = SDKROOT; };
/* End PBXFileReference section */

/* Begin PBXFrameworksBuildPhase section */
		AF89B96517F9E08500B7E21E /* Frameworks */ = {
			isa = PBXFrameworksBuildPhase;
			buildActionMask = 2147483647;
			files = (
				AFE82431180DA6CC00AD78AC /* Security.framework in Frameworks */,
				AF89B96E17F9E08500B7E21E /* CoreGraphics.framework in Frameworks */,
				AF89B97017F9E08500B7E21E /* UIKit.framework in Frameworks */,
				AF89B96C17F9E08500B7E21E /* Foundation.framework in Frameworks */,
			);
			runOnlyForDeploymentPostprocessing = 0;
		};
		AF89B98917F9E08500B7E21E /* Frameworks */ = {
			isa = PBXFrameworksBuildPhase;
			buildActionMask = 2147483647;
			files = (
				AF92FD4A17F9F06600C47A73 /* XCTest.framework in Frameworks */,
				CAC6FC451D1B5FDE0085E017 /* OCHamcrestIOS.framework in Frameworks */,
				AF89B99017F9E08500B7E21E /* UIKit.framework in Frameworks */,
				AF89B98F17F9E08500B7E21E /* Foundation.framework in Frameworks */,
				CAC6FC461D1B5FE30085E017 /* OCMockitoIOS.framework in Frameworks */,
			);
			runOnlyForDeploymentPostprocessing = 0;
		};
/* End PBXFrameworksBuildPhase section */

/* Begin PBXGroup section */
		AF89B95F17F9E08500B7E21E = {
			isa = PBXGroup;
			children = (
				AF89B9B017F9E40500B7E21E /* KISSmetricsAPI */,
				AF89B97117F9E08500B7E21E /* KISSmetricsSDK_buildFiles_arc_imp */,
				AF89B99317F9E08500B7E21E /* KISSmetricsSDK_buildFiles_arc_impTests */,
				AF89B96A17F9E08500B7E21E /* Frameworks */,
				AF89B96917F9E08500B7E21E /* Products */,
			);
			sourceTree = "<group>";
		};
		AF89B96917F9E08500B7E21E /* Products */ = {
			isa = PBXGroup;
			children = (
				AF89B96817F9E08500B7E21E /* KISSmetricsSDK_buildFiles_arc_imp.app */,
				AF89B98C17F9E08500B7E21E /* KISSmetricsSDK_buildFiles_arc_impTests.xctest */,
			);
			name = Products;
			sourceTree = "<group>";
		};
		AF89B96A17F9E08500B7E21E /* Frameworks */ = {
			isa = PBXGroup;
			children = (
				AFE82430180DA6CC00AD78AC /* Security.framework */,
				AF9EB3CE17FB3DCA002FF023 /* OCHamcrestIOS.framework */,
				AF9EB3CC17FA39A0002FF023 /* OCMockitoIOS.framework */,
				AF92FD4917F9F06600C47A73 /* XCTest.framework */,
				AF89B96B17F9E08500B7E21E /* Foundation.framework */,
				AF89B96D17F9E08500B7E21E /* CoreGraphics.framework */,
				AF89B96F17F9E08500B7E21E /* UIKit.framework */,
			);
			name = Frameworks;
			sourceTree = "<group>";
		};
		AF89B97117F9E08500B7E21E /* KISSmetricsSDK_buildFiles_arc_imp */ = {
			isa = PBXGroup;
			children = (
				AFB99FF7188DA410004CD0AD /* Main_iPad.storyboard */,
				AFB99FF8188DA410004CD0AD /* Main_iPhone.storyboard */,
				AF89B97A17F9E08500B7E21E /* AppDelegate.h */,
				AF89B97B17F9E08500B7E21E /* AppDelegate.m */,
				AF89B98317F9E08500B7E21E /* ViewController.h */,
				AF89B98417F9E08500B7E21E /* ViewController.m */,
				AF89BB0617F9E79B00B7E21E /* ViewControllerTwo.h */,
				AF89BB0717F9E79B00B7E21E /* ViewControllerTwo.m */,
				AF90D6DC1868ABEA00DE1074 /* KISSmetricsAPI_options.m */,
				AF89B98617F9E08500B7E21E /* Images.xcassets */,
				AF89B97217F9E08500B7E21E /* Supporting Files */,
			);
			path = KISSmetricsSDK_buildFiles_arc_imp;
			sourceTree = "<group>";
		};
		AF89B97217F9E08500B7E21E /* Supporting Files */ = {
			isa = PBXGroup;
			children = (
				AF89B97317F9E08500B7E21E /* KISSmetricsSDK_buildFiles_arc_imp-Info.plist */,
				AF89B97417F9E08500B7E21E /* InfoPlist.strings */,
				AF89B97717F9E08500B7E21E /* main.m */,
				AF89B97917F9E08500B7E21E /* KISSmetricsSDK_buildFiles_arc_imp-Prefix.pch */,
			);
			name = "Supporting Files";
			sourceTree = "<group>";
		};
		AF89B99317F9E08500B7E21E /* KISSmetricsSDK_buildFiles_arc_impTests */ = {
			isa = PBXGroup;
			children = (
				AFCC8DE017FCDE85003691FA /* MockNSURLConnection */,
				AF89BAFE17F9E57800B7E21E /* NSNotificationTestHelpers */,
				AF89B99917F9E08500B7E21E /* KISSmetricsSDK_buildFiles_arc_impTests.m */,
				AF92FD4D17F9F47800C47A73 /* KMAVCLifecycleTests.m */,
				AFE8242E180CF4AB00AD78AC /* KMAArchiverTests.m */,
				AF89B99417F9E08500B7E21E /* Supporting Files */,
				AF8C79B218105770005EF4DD /* KMADeviceHardwareTests.m */,
				AF2E0E9B18734C040016E767 /* TestableKMAConnection.h */,
				AF2E0E9C18734C040016E767 /* TestableKMAConnection.m */,
			);
			path = KISSmetricsSDK_buildFiles_arc_impTests;
			sourceTree = "<group>";
		};
		AF89B99417F9E08500B7E21E /* Supporting Files */ = {
			isa = PBXGroup;
			children = (
				AF89B99517F9E08500B7E21E /* KISSmetricsSDK_buildFiles_arc_impTests-Info.plist */,
				AF89B99617F9E08500B7E21E /* InfoPlist.strings */,
			);
			name = "Supporting Files";
			sourceTree = "<group>";
		};
		AF89B9B017F9E40500B7E21E /* KISSmetricsAPI */ = {
			isa = PBXGroup;
			children = (
				AFE6D06D1946A06A00A6E074 /* KMASenderStateProtocol.h */,
				AFE6D06E1946A06A00A6E074 /* KMASenderSendingState.m */,
				AFE6D06F1946A06A00A6E074 /* KMASenderSendingState.h */,
				AFE6D0701946A06A00A6E074 /* KMASenderReadyState.m */,
				AFE6D0711946A06A00A6E074 /* KMASenderReadyState.h */,
				AFE6D0721946A06A00A6E074 /* KMASenderDisabledState.m */,
				AFE6D0731946A06A00A6E074 /* KMASenderDisabledState.h */,
				AFE6D0741946A06A00A6E074 /* KMASender.m */,
				AFE6D0751946A06A00A6E074 /* KMASender.h */,
				AFDB60DC180C9350009310EA /* KMAMacros.c */,
				AF89B9A517F9E40500B7E21E /* KISSmetricsAPI_options.h */,
				AF89B9A617F9E40500B7E21E /* KISSmetricsAPI.h */,
				AF89B9A717F9E40500B7E21E /* KISSmetricsAPI.m */,
				AF52BF2A1860DAB100989978 /* KMATrackingOperations.h */,
				AF52BF261860DAB100989978 /* KMATrackingOperations_NonTrackingState.h */,
				AF52BF271860DAB100989978 /* KMATrackingOperations_NonTrackingState.m */,
				AF3103AB18610AA10030713B /* KMATrackingOperations_TrackingState.h */,
				AF3103AC18610AA10030713B /* KMATrackingOperations_TrackingState.m */,
				AF65F4701857B6570075949D /* KMAQueryEncoder.h */,
				AF65F4711857B6570075949D /* KMAQueryEncoder.m */,
				AF89B9AA17F9E40500B7E21E /* KMAArchiver.h */,
				AF89B9AB17F9E40500B7E21E /* KMAArchiver.m */,
				AFA648811860D356006F48E7 /* KMAConnectionDelegateProtocol.h */,
				AFCC8DD717FC9179003691FA /* KMAConnection.h */,
				AFCC8DD817FC9179003691FA /* KMAConnection.m */,
				AFA6487E1860D2EC006F48E7 /* KMAVerificationDelegateProtocol.h */,
				AF34054E185A702500F560B9 /* KMAVerification.h */,
				AF34054F185A702500F560B9 /* KMAVerification.m */,
				AF89B9A817F9E40500B7E21E /* KMASwizzler.h */,
				AF89B9A917F9E40500B7E21E /* KMASwizzler.m */,
				AFDB60DA180C9350009310EA /* KMAKeychainItemWrapper.h */,
				AFDB60DB180C9350009310EA /* KMAKeychainItemWrapper.m */,
				AF8C79A2180DF213005EF4DD /* UIDevice+KMAHardware.h */,
				AF8C79A3180DF213005EF4DD /* UIDevice+KMAHardware.m */,
				AF89B9AE17F9E40500B7E21E /* UIViewController+KMAVCLifecycle.h */,
				AF89B9AF17F9E40500B7E21E /* UIViewController+KMAVCLifecycle.m */,
			);
			name = KISSmetricsAPI;
			path = ../KISSmetricsAPI;
			sourceTree = "<group>";
		};
		AF89BAFE17F9E57800B7E21E /* NSNotificationTestHelpers */ = {
			isa = PBXGroup;
			children = (
				AF89BAFF17F9E57800B7E21E /* NSNotificationCenter+AllObservers.h */,
				AF89BB0017F9E57800B7E21E /* NSNotificationCenter+AllObservers.m */,
			);
			name = NSNotificationTestHelpers;
			path = ../../TestFrameworks/NSNotificationTestHelpers;
			sourceTree = "<group>";
		};
		AFCC8DE017FCDE85003691FA /* MockNSURLConnection */ = {
			isa = PBXGroup;
			children = (
				AF8AC9FD190B287D00C02B43 /* MockNSHTTPURLResponse.h */,
				AF8AC9FE190B287D00C02B43 /* MockNSHTTPURLResponse.m */,
				AF8AC9FF190B287D00C02B43 /* MockNSURLConnection.h */,
				AF8ACA00190B287D00C02B43 /* MockNSURLConnection.m */,
			);
			name = MockNSURLConnection;
			path = ../../TestFrameworks/MockNSURLConnection/MockNSURLConnection;
			sourceTree = "<group>";
		};
/* End PBXGroup section */

/* Begin PBXNativeTarget section */
		AF89B96717F9E08500B7E21E /* KISSmetricsSDK_buildFiles_arc_imp */ = {
			isa = PBXNativeTarget;
			buildConfigurationList = AF89B99D17F9E08500B7E21E /* Build configuration list for PBXNativeTarget "KISSmetricsSDK_buildFiles_arc_imp" */;
			buildPhases = (
				AF89B96417F9E08500B7E21E /* Sources */,
				AF89B96517F9E08500B7E21E /* Frameworks */,
				AF89B96617F9E08500B7E21E /* Resources */,
			);
			buildRules = (
			);
			dependencies = (
			);
			name = KISSmetricsSDK_buildFiles_arc_imp;
			productName = KISSmetricsAPI_buildFiles_arc_imp;
			productReference = AF89B96817F9E08500B7E21E /* KISSmetricsSDK_buildFiles_arc_imp.app */;
			productType = "com.apple.product-type.application";
		};
		AF89B98B17F9E08500B7E21E /* KISSmetricsSDK_buildFiles_arc_impTests */ = {
			isa = PBXNativeTarget;
			buildConfigurationList = AF89B9A017F9E08500B7E21E /* Build configuration list for PBXNativeTarget "KISSmetricsSDK_buildFiles_arc_impTests" */;
			buildPhases = (
				AF89B98817F9E08500B7E21E /* Sources */,
				AF89B98917F9E08500B7E21E /* Frameworks */,
				AF89B98A17F9E08500B7E21E /* Resources */,
				AFABD23D1948C9ED00178C77 /* Run Script */,
			);
			buildRules = (
			);
			dependencies = (
				AF89B99217F9E08500B7E21E /* PBXTargetDependency */,
			);
			name = KISSmetricsSDK_buildFiles_arc_impTests;
			productName = KISSmetricsAPI_buildFiles_arc_impTests;
			productReference = AF89B98C17F9E08500B7E21E /* KISSmetricsSDK_buildFiles_arc_impTests.xctest */;
			productType = "com.apple.product-type.bundle.unit-test";
		};
/* End PBXNativeTarget section */

/* Begin PBXProject section */
		AF89B96017F9E08500B7E21E /* Project object */ = {
			isa = PBXProject;
			attributes = {
				LastUpgradeCheck = 0730;
				ORGANIZATIONNAME = KISSmetrics;
				TargetAttributes = {
					AF89B96717F9E08500B7E21E = {
						DevelopmentTeam = QQM2852RV8;
					};
					AF89B98B17F9E08500B7E21E = {
						TestTargetID = AF89B96717F9E08500B7E21E;
					};
				};
			};
			buildConfigurationList = AF89B96317F9E08500B7E21E /* Build configuration list for PBXProject "KISSmetricsSDK_buildFiles_arc_imp" */;
			compatibilityVersion = "Xcode 6.3";
			developmentRegion = English;
			hasScannedForEncodings = 0;
			knownRegions = (
				en,
				Base,
			);
			mainGroup = AF89B95F17F9E08500B7E21E;
			productRefGroup = AF89B96917F9E08500B7E21E /* Products */;
			projectDirPath = "";
			projectRoot = "";
			targets = (
				AF89B96717F9E08500B7E21E /* KISSmetricsSDK_buildFiles_arc_imp */,
				AF89B98B17F9E08500B7E21E /* KISSmetricsSDK_buildFiles_arc_impTests */,
			);
		};
/* End PBXProject section */

/* Begin PBXResourcesBuildPhase section */
		AF89B96617F9E08500B7E21E /* Resources */ = {
			isa = PBXResourcesBuildPhase;
			buildActionMask = 2147483647;
			files = (
				AFB99FFA188DA410004CD0AD /* Main_iPhone.storyboard in Resources */,
				AFB99FF9188DA410004CD0AD /* Main_iPad.storyboard in Resources */,
				AF89B98717F9E08500B7E21E /* Images.xcassets in Resources */,
				AF89B97617F9E08500B7E21E /* InfoPlist.strings in Resources */,
			);
			runOnlyForDeploymentPostprocessing = 0;
		};
		AF89B98A17F9E08500B7E21E /* Resources */ = {
			isa = PBXResourcesBuildPhase;
			buildActionMask = 2147483647;
			files = (
				AF89B99817F9E08500B7E21E /* InfoPlist.strings in Resources */,
			);
			runOnlyForDeploymentPostprocessing = 0;
		};
/* End PBXResourcesBuildPhase section */

/* Begin PBXShellScriptBuildPhase section */
		AFABD23D1948C9ED00178C77 /* Run Script */ = {
			isa = PBXShellScriptBuildPhase;
			buildActionMask = 2147483647;
			files = (
			);
			inputPaths = (
			);
			name = "Run Script";
			outputPaths = (
			);
			runOnlyForDeploymentPostprocessing = 0;
			shellPath = /bin/sh;
			shellScript = "codesign --verify --force --sign \"$CODE_SIGN_IDENTITY\" \"$CODESIGNING_FOLDER_PATH\"\n";
		};
/* End PBXShellScriptBuildPhase section */

/* Begin PBXSourcesBuildPhase section */
		AF89B96417F9E08500B7E21E /* Sources */ = {
			isa = PBXSourcesBuildPhase;
			buildActionMask = 2147483647;
			files = (
				AF3103AA18610A700030713B /* KMAConnection.m in Sources */,
				AFE6D0761946A06A00A6E074 /* KMASenderSendingState.m in Sources */,
				AF8C79A4180DF213005EF4DD /* UIDevice+KMAHardware.m in Sources */,
				AF90D6DD1868ABEA00DE1074 /* KISSmetricsAPI_options.m in Sources */,
				AF89BB0A17F9EA5A00B7E21E /* KISSmetricsAPI.m in Sources */,
				AFE6D07A1946A06A00A6E074 /* KMASenderDisabledState.m in Sources */,
				AF3103B018610D110030713B /* KMATrackingOperations_TrackingState.m in Sources */,
				AF8ACA03190B287D00C02B43 /* MockNSURLConnection.m in Sources */,
				AF52BF2B1860DAB100989978 /* KMATrackingOperations_NonTrackingState.m in Sources */,
				AF89BB0E17F9EB4500B7E21E /* UIViewController+KMAVCLifecycle.m in Sources */,
				AFDB60DF180C9350009310EA /* KMAMacros.c in Sources */,
				AFE6D07C1946A06A00A6E074 /* KMASender.m in Sources */,
				AF89BB0C17F9EB2600B7E21E /* KMAArchiver.m in Sources */,
				AF89BB0B17F9EB1800B7E21E /* KMASwizzler.m in Sources */,
				AF65F4721857B6570075949D /* KMAQueryEncoder.m in Sources */,
				AF89BB0817F9E79B00B7E21E /* ViewControllerTwo.m in Sources */,
				AFE6D0781946A06A00A6E074 /* KMASenderReadyState.m in Sources */,
				AF89B98517F9E08500B7E21E /* ViewController.m in Sources */,
				AF89B97C17F9E08500B7E21E /* AppDelegate.m in Sources */,
				AFDB60DD180C9350009310EA /* KMAKeychainItemWrapper.m in Sources */,
				AF89B97817F9E08500B7E21E /* main.m in Sources */,
				AF340550185A702500F560B9 /* KMAVerification.m in Sources */,
				AF8ACA01190B287D00C02B43 /* MockNSHTTPURLResponse.m in Sources */,
			);
			runOnlyForDeploymentPostprocessing = 0;
		};
		AF89B98817F9E08500B7E21E /* Sources */ = {
			isa = PBXSourcesBuildPhase;
			buildActionMask = 2147483647;
			files = (
				CAC6FC431D1B5D690085E017 /* KMAVCLifecycleTests.m in Sources */,
				AFE6D07D1946A06A00A6E074 /* KMASender.m in Sources */,
				AFE6D0791946A06A00A6E074 /* KMASenderReadyState.m in Sources */,
				AF8ACA04190B287D00C02B43 /* MockNSURLConnection.m in Sources */,
				AF2E0E9D18734C040016E767 /* TestableKMAConnection.m in Sources */,
				AFDB60DE180C9350009310EA /* KMAKeychainItemWrapper.m in Sources */,
				AFE8242F180CF4AB00AD78AC /* KMAArchiverTests.m in Sources */,
				AF90D6DE1868ABEA00DE1074 /* KISSmetricsAPI_options.m in Sources */,
				AF8ACA02190B287D00C02B43 /* MockNSHTTPURLResponse.m in Sources */,
				AFDB60E0180C9350009310EA /* KMAMacros.c in Sources */,
				AF65F4731857B6570075949D /* KMAQueryEncoder.m in Sources */,
				AF89B99A17F9E08500B7E21E /* KISSmetricsSDK_buildFiles_arc_impTests.m in Sources */,
				AF8C79B318105770005EF4DD /* KMADeviceHardwareTests.m in Sources */,
				AFE6D07B1946A06A00A6E074 /* KMASenderDisabledState.m in Sources */,
				AFCC8DDA17FC917A003691FA /* KMAConnection.m in Sources */,
				AFE6D0771946A06A00A6E074 /* KMASenderSendingState.m in Sources */,
				AF8C79A5180DF213005EF4DD /* UIDevice+KMAHardware.m in Sources */,
				AF89BB0317F9E57800B7E21E /* NSNotificationCenter+AllObservers.m in Sources */,
			);
			runOnlyForDeploymentPostprocessing = 0;
		};
/* End PBXSourcesBuildPhase section */

/* Begin PBXTargetDependency section */
		AF89B99217F9E08500B7E21E /* PBXTargetDependency */ = {
			isa = PBXTargetDependency;
			target = AF89B96717F9E08500B7E21E /* KISSmetricsSDK_buildFiles_arc_imp */;
			targetProxy = AF89B99117F9E08500B7E21E /* PBXContainerItemProxy */;
		};
/* End PBXTargetDependency section */

/* Begin PBXVariantGroup section */
		AF89B97417F9E08500B7E21E /* InfoPlist.strings */ = {
			isa = PBXVariantGroup;
			children = (
				AF89B97517F9E08500B7E21E /* en */,
			);
			name = InfoPlist.strings;
			sourceTree = "<group>";
		};
		AF89B99617F9E08500B7E21E /* InfoPlist.strings */ = {
			isa = PBXVariantGroup;
			children = (
				AF89B99717F9E08500B7E21E /* en */,
			);
			name = InfoPlist.strings;
			sourceTree = "<group>";
		};
/* End PBXVariantGroup section */

/* Begin XCBuildConfiguration section */
		AF89B99B17F9E08500B7E21E /* Debug */ = {
			isa = XCBuildConfiguration;
			buildSettings = {
				ALWAYS_SEARCH_USER_PATHS = NO;
				CLANG_CXX_LANGUAGE_STANDARD = "gnu++0x";
				CLANG_CXX_LIBRARY = "libc++";
				CLANG_ENABLE_MODULES = YES;
				CLANG_ENABLE_OBJC_ARC = YES;
				CLANG_WARN_BOOL_CONVERSION = YES;
				CLANG_WARN_CONSTANT_CONVERSION = YES;
				CLANG_WARN_DIRECT_OBJC_ISA_USAGE = YES_ERROR;
				CLANG_WARN_EMPTY_BODY = YES;
				CLANG_WARN_ENUM_CONVERSION = YES;
				CLANG_WARN_INT_CONVERSION = YES;
				CLANG_WARN_OBJC_ROOT_CLASS = YES_ERROR;
				CLANG_WARN__DUPLICATE_METHOD_MATCH = YES;
				"CODE_SIGN_IDENTITY[sdk=iphoneos*]" = "iPhone Developer";
				COPY_PHASE_STRIP = NO;
				ENABLE_TESTABILITY = YES;
				GCC_C_LANGUAGE_STANDARD = gnu99;
				GCC_DYNAMIC_NO_PIC = NO;
				GCC_OPTIMIZATION_LEVEL = 0;
				GCC_PREPROCESSOR_DEFINITIONS = (
					"DEBUG=1",
					"$(inherited)",
				);
				GCC_SYMBOLS_PRIVATE_EXTERN = NO;
				GCC_WARN_64_TO_32_BIT_CONVERSION = YES;
				GCC_WARN_ABOUT_RETURN_TYPE = YES_ERROR;
				GCC_WARN_UNDECLARED_SELECTOR = YES;
				GCC_WARN_UNINITIALIZED_AUTOS = YES;
				GCC_WARN_UNUSED_FUNCTION = YES;
				GCC_WARN_UNUSED_VARIABLE = YES;
				IPHONEOS_DEPLOYMENT_TARGET = 6.0;
				ONLY_ACTIVE_ARCH = YES;
				SDKROOT = iphoneos;
				TARGETED_DEVICE_FAMILY = "1,2";
			};
			name = Debug;
		};
		AF89B99C17F9E08500B7E21E /* Release */ = {
			isa = XCBuildConfiguration;
			buildSettings = {
				ALWAYS_SEARCH_USER_PATHS = NO;
				CLANG_CXX_LANGUAGE_STANDARD = "gnu++0x";
				CLANG_CXX_LIBRARY = "libc++";
				CLANG_ENABLE_MODULES = YES;
				CLANG_ENABLE_OBJC_ARC = YES;
				CLANG_WARN_BOOL_CONVERSION = YES;
				CLANG_WARN_CONSTANT_CONVERSION = YES;
				CLANG_WARN_DIRECT_OBJC_ISA_USAGE = YES_ERROR;
				CLANG_WARN_EMPTY_BODY = YES;
				CLANG_WARN_ENUM_CONVERSION = YES;
				CLANG_WARN_INT_CONVERSION = YES;
				CLANG_WARN_OBJC_ROOT_CLASS = YES_ERROR;
				CLANG_WARN__DUPLICATE_METHOD_MATCH = YES;
				"CODE_SIGN_IDENTITY[sdk=iphoneos*]" = "iPhone Developer";
				COPY_PHASE_STRIP = YES;
				ENABLE_NS_ASSERTIONS = NO;
				GCC_C_LANGUAGE_STANDARD = gnu99;
				GCC_WARN_64_TO_32_BIT_CONVERSION = YES;
				GCC_WARN_ABOUT_RETURN_TYPE = YES_ERROR;
				GCC_WARN_UNDECLARED_SELECTOR = YES;
				GCC_WARN_UNINITIALIZED_AUTOS = YES;
				GCC_WARN_UNUSED_FUNCTION = YES;
				GCC_WARN_UNUSED_VARIABLE = YES;
				IPHONEOS_DEPLOYMENT_TARGET = 6.0;
				SDKROOT = iphoneos;
				TARGETED_DEVICE_FAMILY = "1,2";
				VALIDATE_PRODUCT = YES;
			};
			name = Release;
		};
		AF89B99E17F9E08500B7E21E /* Debug */ = {
			isa = XCBuildConfiguration;
			buildSettings = {
				ASSETCATALOG_COMPILER_APPICON_NAME = AppIcon;
				ASSETCATALOG_COMPILER_LAUNCHIMAGE_NAME = LaunchImage;
				CODE_SIGN_IDENTITY = "iPhone Developer";
				"CODE_SIGN_IDENTITY[sdk=iphoneos*]" = "iPhone Developer";
				GCC_PRECOMPILE_PREFIX_HEADER = YES;
				GCC_PREFIX_HEADER = "KISSmetricsSDK_buildFiles_arc_imp/KISSmetricsSDK_buildFiles_arc_imp-Prefix.pch";
				INFOPLIST_FILE = "$(SRCROOT)/KISSmetricsSDK_buildFiles_arc_imp/KISSmetricsSDK_buildFiles_arc_imp-Info.plist";
				IPHONEOS_DEPLOYMENT_TARGET = 6.0;
				PRODUCT_BUNDLE_IDENTIFIER = "com.kissmetrics.${PRODUCT_NAME:rfc1034identifier}";
				PRODUCT_NAME = KISSmetricsSDK_buildFiles_arc_imp;
				PROVISIONING_PROFILE = "";
				WRAPPER_EXTENSION = app;
			};
			name = Debug;
		};
		AF89B99F17F9E08500B7E21E /* Release */ = {
			isa = XCBuildConfiguration;
			buildSettings = {
				ASSETCATALOG_COMPILER_APPICON_NAME = AppIcon;
				ASSETCATALOG_COMPILER_LAUNCHIMAGE_NAME = LaunchImage;
				CODE_SIGN_IDENTITY = "iPhone Developer";
				"CODE_SIGN_IDENTITY[sdk=iphoneos*]" = "iPhone Developer";
				GCC_PRECOMPILE_PREFIX_HEADER = YES;
				GCC_PREFIX_HEADER = "KISSmetricsSDK_buildFiles_arc_imp/KISSmetricsSDK_buildFiles_arc_imp-Prefix.pch";
				INFOPLIST_FILE = "$(SRCROOT)/KISSmetricsSDK_buildFiles_arc_imp/KISSmetricsSDK_buildFiles_arc_imp-Info.plist";
				IPHONEOS_DEPLOYMENT_TARGET = 6.0;
				PRODUCT_BUNDLE_IDENTIFIER = "com.kissmetrics.${PRODUCT_NAME:rfc1034identifier}";
				PRODUCT_NAME = KISSmetricsSDK_buildFiles_arc_imp;
				PROVISIONING_PROFILE = "";
				WRAPPER_EXTENSION = app;
			};
			name = Release;
		};
		AF89B9A117F9E08500B7E21E /* Debug */ = {
			isa = XCBuildConfiguration;
			buildSettings = {
				BUNDLE_LOADER = "$(BUILT_PRODUCTS_DIR)/KISSmetricsSDK_buildFiles_arc_imp.app/KISSmetricsSDK_buildFiles_arc_imp";
				CODE_SIGN_IDENTITY = "iPhone Developer";
				FRAMEWORK_SEARCH_PATHS = (
					"$(inherited)",
					"$(DEVELOPER_FRAMEWORKS_DIR)",
					"$(PROJECT_DIR)/../TestFrameworks",
					"$(SDKROOT)/Developer/Library/PrivateFrameworks",
				);
				GCC_PRECOMPILE_PREFIX_HEADER = YES;
				GCC_PREFIX_HEADER = "KISSmetricsSDK_buildFiles_arc_imp/KISSmetricsSDK_buildFiles_arc_imp-Prefix.pch";
				GCC_PREPROCESSOR_DEFINITIONS = (
					"DEBUG=1",
					"$(inherited)",
				);
				INFOPLIST_FILE = "KISSmetricsSDK_buildFiles_arc_impTests/KISSmetricsSDK_buildFiles_arc_impTests-Info.plist";
				LIBRARY_SEARCH_PATHS = "$(inherited)";
				PRECOMPS_INCLUDE_HEADERS_FROM_BUILT_PRODUCTS_DIR = YES;
				PRODUCT_BUNDLE_IDENTIFIER = "com.kissmetrics.${PRODUCT_NAME:rfc1034identifier}";
				PRODUCT_NAME = KISSmetricsSDK_buildFiles_arc_impTests;
				PUBLIC_HEADERS_FOLDER_PATH = "$(CONTENTS_FOLDER_PATH)/Headers";
				SDKROOT = iphoneos;
				SHARED_PRECOMPS_DIR = "$(CACHE_ROOT)/SharedPrecompiledHeaders";
				TEST_HOST = "$(BUNDLE_LOADER)";
				WRAPPER_EXTENSION = xctest;
			};
			name = Debug;
		};
		AF89B9A217F9E08500B7E21E /* Release */ = {
			isa = XCBuildConfiguration;
			buildSettings = {
				BUNDLE_LOADER = "$(BUILT_PRODUCTS_DIR)/KISSmetricsSDK_buildFiles_arc_imp.app/KISSmetricsSDK_buildFiles_arc_imp";
				CODE_SIGN_IDENTITY = "iPhone Developer";
				FRAMEWORK_SEARCH_PATHS = (
					"$(inherited)",
					"$(DEVELOPER_FRAMEWORKS_DIR)",
					"$(PROJECT_DIR)/../TestFrameworks",
					"$(SDKROOT)/Developer/Library/PrivateFrameworks",
				);
				GCC_PRECOMPILE_PREFIX_HEADER = YES;
				GCC_PREFIX_HEADER = "KISSmetricsSDK_buildFiles_arc_imp/KISSmetricsSDK_buildFiles_arc_imp-Prefix.pch";
				INFOPLIST_FILE = "KISSmetricsSDK_buildFiles_arc_impTests/KISSmetricsSDK_buildFiles_arc_impTests-Info.plist";
				LIBRARY_SEARCH_PATHS = "$(inherited)";
				PRECOMPS_INCLUDE_HEADERS_FROM_BUILT_PRODUCTS_DIR = YES;
				PRODUCT_BUNDLE_IDENTIFIER = "com.kissmetrics.${PRODUCT_NAME:rfc1034identifier}";
				PRODUCT_NAME = KISSmetricsSDK_buildFiles_arc_impTests;
				PUBLIC_HEADERS_FOLDER_PATH = "$(CONTENTS_FOLDER_PATH)/Headers";
				SDKROOT = iphoneos;
				SHARED_PRECOMPS_DIR = "$(CACHE_ROOT)/SharedPrecompiledHeaders";
				TEST_HOST = "$(BUNDLE_LOADER)";
				WRAPPER_EXTENSION = xctest;
			};
			name = Release;
		};
/* End XCBuildConfiguration section */

/* Begin XCConfigurationList section */
		AF89B96317F9E08500B7E21E /* Build configuration list for PBXProject "KISSmetricsSDK_buildFiles_arc_imp" */ = {
			isa = XCConfigurationList;
			buildConfigurations = (
				AF89B99B17F9E08500B7E21E /* Debug */,
				AF89B99C17F9E08500B7E21E /* Release */,
			);
			defaultConfigurationIsVisible = 0;
			defaultConfigurationName = Release;
		};
		AF89B99D17F9E08500B7E21E /* Build configuration list for PBXNativeTarget "KISSmetricsSDK_buildFiles_arc_imp" */ = {
			isa = XCConfigurationList;
			buildConfigurations = (
				AF89B99E17F9E08500B7E21E /* Debug */,
				AF89B99F17F9E08500B7E21E /* Release */,
			);
			defaultConfigurationIsVisible = 0;
			defaultConfigurationName = Release;
		};
		AF89B9A017F9E08500B7E21E /* Build configuration list for PBXNativeTarget "KISSmetricsSDK_buildFiles_arc_impTests" */ = {
			isa = XCConfigurationList;
			buildConfigurations = (
				AF89B9A117F9E08500B7E21E /* Debug */,
				AF89B9A217F9E08500B7E21E /* Release */,
			);
			defaultConfigurationIsVisible = 0;
			defaultConfigurationName = Release;
		};
/* End XCConfigurationList section */
	};
	rootObject = AF89B96017F9E08500B7E21E /* Project object */;
}
